
Microsoft Visual Studio Solution File, Format Version 12.00
# Visual Studio Version 17
VisualStudioVersion = 17.10.35013.160
MinimumVisualStudioVersion = 10.0.40219.1
Project("{FAE04EC0-301F-11D3-BF4B-00C04F79EFBC}") = "Usuario1-Yoslen_Chico", "Usuario1-Yoslen_Chico\Usuario1-Yoslen_Chico.csproj", "{3CACE8DE-AEE1-4FD0-80BF-6E555B1B25EE}"
EndProject
Global
	GlobalSection(SolutionConfigurationPlatforms) = preSolution
		Debug|Any CPU = Debug|Any CPU
		Release|Any CPU = Release|Any CPU
	EndGlobalSection
	GlobalSection(ProjectConfigurationPlatforms) = postSolution
		{3CACE8DE-AEE1-4FD0-80BF-6E555B1B25EE}.Debug|Any CPU.ActiveCfg = Debug|Any CPU
		{3CACE8DE-AEE1-4FD0-80BF-6E555B1B25EE}.Debug|Any CPU.Build.0 = Debug|Any CPU
		{3CACE8DE-AEE1-4FD0-80BF-6E555B1B25EE}.Release|Any CPU.ActiveCfg = Release|Any CPU
		{3CACE8DE-AEE1-4FD0-80BF-6E555B1B25EE}.Release|Any CPU.Build.0 = Release|Any CPU
	EndGlobalSection
	GlobalSection(SolutionProperties) = preSolution
		HideSolutionNode = FALSE
	EndGlobalSection
	GlobalSection(ExtensibilityGlobals) = postSolution
		SolutionGuid = {74DEDE63-A7A6-4699-BB97-6F818471CACE}
	EndGlobalSection
EndGlobal
